
Microsoft Visual Studio Solution File, Format Version 12.00
# Visual Studio 15
VisualStudioVersion = 15.0.28010.2016
MinimumVisualStudioVersion = 10.0.40219.1
Project("{9A19103F-16F7-4668-BE54-9A1E7A4F7556}") = "PipeTests.Proxy", "PipeTests.Proxy\PipeTests.Proxy.csproj", "{EFF4A9B6-08D5-49C3-A9CB-6BB880326D67}"
EndProject
Project("{9A19103F-16F7-4668-BE54-9A1E7A4F7556}") = "SfsProxy", "SfsProxy\SfsProxy.csproj", "{6942495D-636F-45AC-B1FE-8626787B9BE4}"
EndProject
Global
	GlobalSection(SolutionConfigurationPlatforms) = preSolution
		Debug|Any CPU = Debug|Any CPU
		Release|Any CPU = Release|Any CPU
	EndGlobalSection
	GlobalSection(ProjectConfigurationPlatforms) = postSolution
		{EFF4A9B6-08D5-49C3-A9CB-6BB880326D67}.Debug|Any CPU.ActiveCfg = Debug|Any CPU
		{EFF4A9B6-08D5-49C3-A9CB-6BB880326D67}.Debug|Any CPU.Build.0 = Debug|Any CPU
		{EFF4A9B6-08D5-49C3-A9CB-6BB880326D67}.Release|Any CPU.ActiveCfg = Release|Any CPU
		{EFF4A9B6-08D5-49C3-A9CB-6BB880326D67}.Release|Any CPU.Build.0 = Release|Any CPU
		{6942495D-636F-45AC-B1FE-8626787B9BE4}.Debug|Any CPU.ActiveCfg = Debug|Any CPU
		{6942495D-636F-45AC-B1FE-8626787B9BE4}.Debug|Any CPU.Build.0 = Debug|Any CPU
		{6942495D-636F-45AC-B1FE-8626787B9BE4}.Release|Any CPU.ActiveCfg = Release|Any CPU
		{6942495D-636F-45AC-B1FE-8626787B9BE4}.Release|Any CPU.Build.0 = Release|Any CPU
	EndGlobalSection
	GlobalSection(SolutionProperties) = preSolution
		HideSolutionNode = FALSE
	EndGlobalSection
	GlobalSection(ExtensibilityGlobals) = postSolution
		SolutionGuid = {6229681C-AB6E-43F3-A740-B066A51E8DA6}
	EndGlobalSection
EndGlobal
